
Microsoft Visual Studio Solution File, Format Version 12.00
Project("{2150E333-8FDC-42A3-9474-1A3956D46DE8}") = "src", "src", "{827E0CD3-B72D-47B6-A68D-7590B98EB39B}"
EndProject
Project("{FAE04EC0-301F-11D3-BF4B-00C04F79EFBC}") = "Catalog.API", "src\Catalog.API\Catalog.API.csproj", "{38D9C32E-6201-4C28-BD63-53E77002D6BB}"
EndProject
Project("{FAE04EC0-301F-11D3-BF4B-00C04F79EFBC}") = "ServiceDefaults", "src\ServiceDefaults\ServiceDefaults.csproj", "{1023B862-E7A3-46E6-8FD5-EB1152F0C0F3}"
EndProject
Project("{FAE04EC0-301F-11D3-BF4B-00C04F79EFBC}") = "Shared", "src\Shared\Shared.csproj", "{5E9B077C-0AAF-4742-BFA3-2AFEE0B9898B}"
EndProject
Project("{FAE04EC0-301F-11D3-BF4B-00C04F79EFBC}") = "EventBus", "src\EventBus\EventBus.csproj", "{BFDA8B9D-7E8B-4DC5-8583-54BA8EB38440}"
EndProject
Project("{FAE04EC0-301F-11D3-BF4B-00C04F79EFBC}") = "EventBusRabbitMQ", "src\EventBusRabbitMQ\EventBusRabbitMQ.csproj", "{AB1D118E-F2C1-4C40-9634-84F748D1F6EF}"
EndProject
Project("{FAE04EC0-301F-11D3-BF4B-00C04F79EFBC}") = "Basket.API", "src\Basket.API\Basket.API.csproj", "{4159FA87-015B-4E87-A86E-74086A434D95}"
EndProject
Project("{FAE04EC0-301F-11D3-BF4B-00C04F79EFBC}") = "GrpcGreeterClient", "src\GrpcGreeterClient\GrpcGreeterClient.csproj", "{2E209808-88CF-4418-800E-EC2FD10E7222}"
EndProject
Project("{FAE04EC0-301F-11D3-BF4B-00C04F79EFBC}") = "Ordering.API", "src\Ordering.API\Ordering.API.csproj", "{E857960F-9FA1-48E0-858A-818F0947C0EE}"
EndProject
Project("{FAE04EC0-301F-11D3-BF4B-00C04F79EFBC}") = "Ordering.Domain", "src\Ordering.Domain\Ordering.Domain.csproj", "{1ABD0ADC-5991-4E1E-A156-0A781394FA92}"
EndProject
Project("{FAE04EC0-301F-11D3-BF4B-00C04F79EFBC}") = "Ordering.Infrastructure", "src\Ordering.Infrastructure\Ordering.Infrastructure.csproj", "{30ABBB7E-1698-4DBC-832A-13703EF0D292}"
EndProject
Project("{FAE04EC0-301F-11D3-BF4B-00C04F79EFBC}") = "IntegrationEventLogEF", "src\IntegrationEventLogEF\IntegrationEventLogEF.csproj", "{9C3A5224-C240-48C3-B04C-11B60E598891}"
EndProject
Project("{FAE04EC0-301F-11D3-BF4B-00C04F79EFBC}") = "Identity.API", "src\Identity.API\Identity.API.csproj", "{5DCC5668-9A06-41E2-9020-9DD5C12B6267}"
EndProject
Project("{FAE04EC0-301F-11D3-BF4B-00C04F79EFBC}") = "WebApp", "src\WebApp\WebApp.csproj", "{86C441FB-12BE-4B64-AED7-2AB1A651004C}"
EndProject
Project("{FAE04EC0-301F-11D3-BF4B-00C04F79EFBC}") = "WebAppComponents", "src\WebAppComponents\WebAppComponents.csproj", "{3280BBAB-8334-4C6D-9614-5ABEFAC7E76F}"
EndProject
Global
	GlobalSection(SolutionConfigurationPlatforms) = preSolution
		Debug|Any CPU = Debug|Any CPU
		Debug|x64 = Debug|x64
		Debug|x86 = Debug|x86
		Release|Any CPU = Release|Any CPU
		Release|x64 = Release|x64
		Release|x86 = Release|x86
	EndGlobalSection
	GlobalSection(ProjectConfigurationPlatforms) = postSolution
		{38D9C32E-6201-4C28-BD63-53E77002D6BB}.Debug|Any CPU.ActiveCfg = Debug|Any CPU
		{38D9C32E-6201-4C28-BD63-53E77002D6BB}.Debug|Any CPU.Build.0 = Debug|Any CPU
		{38D9C32E-6201-4C28-BD63-53E77002D6BB}.Debug|x64.ActiveCfg = Debug|Any CPU
		{38D9C32E-6201-4C28-BD63-53E77002D6BB}.Debug|x64.Build.0 = Debug|Any CPU
		{38D9C32E-6201-4C28-BD63-53E77002D6BB}.Debug|x86.ActiveCfg = Debug|Any CPU
		{38D9C32E-6201-4C28-BD63-53E77002D6BB}.Debug|x86.Build.0 = Debug|Any CPU
		{38D9C32E-6201-4C28-BD63-53E77002D6BB}.Release|Any CPU.ActiveCfg = Release|Any CPU
		{38D9C32E-6201-4C28-BD63-53E77002D6BB}.Release|Any CPU.Build.0 = Release|Any CPU
		{38D9C32E-6201-4C28-BD63-53E77002D6BB}.Release|x64.ActiveCfg = Release|Any CPU
		{38D9C32E-6201-4C28-BD63-53E77002D6BB}.Release|x64.Build.0 = Release|Any CPU
		{38D9C32E-6201-4C28-BD63-53E77002D6BB}.Release|x86.ActiveCfg = Release|Any CPU
		{38D9C32E-6201-4C28-BD63-53E77002D6BB}.Release|x86.Build.0 = Release|Any CPU
		{1023B862-E7A3-46E6-8FD5-EB1152F0C0F3}.Debug|Any CPU.ActiveCfg = Debug|Any CPU
		{1023B862-E7A3-46E6-8FD5-EB1152F0C0F3}.Debug|Any CPU.Build.0 = Debug|Any CPU
		{1023B862-E7A3-46E6-8FD5-EB1152F0C0F3}.Debug|x64.ActiveCfg = Debug|Any CPU
		{1023B862-E7A3-46E6-8FD5-EB1152F0C0F3}.Debug|x64.Build.0 = Debug|Any CPU
		{1023B862-E7A3-46E6-8FD5-EB1152F0C0F3}.Debug|x86.ActiveCfg = Debug|Any CPU
		{1023B862-E7A3-46E6-8FD5-EB1152F0C0F3}.Debug|x86.Build.0 = Debug|Any CPU
		{1023B862-E7A3-46E6-8FD5-EB1152F0C0F3}.Release|Any CPU.ActiveCfg = Release|Any CPU
		{1023B862-E7A3-46E6-8FD5-EB1152F0C0F3}.Release|Any CPU.Build.0 = Release|Any CPU
		{1023B862-E7A3-46E6-8FD5-EB1152F0C0F3}.Release|x64.ActiveCfg = Release|Any CPU
		{1023B862-E7A3-46E6-8FD5-EB1152F0C0F3}.Release|x64.Build.0 = Release|Any CPU
		{1023B862-E7A3-46E6-8FD5-EB1152F0C0F3}.Release|x86.ActiveCfg = Release|Any CPU
		{1023B862-E7A3-46E6-8FD5-EB1152F0C0F3}.Release|x86.Build.0 = Release|Any CPU
		{5E9B077C-0AAF-4742-BFA3-2AFEE0B9898B}.Debug|Any CPU.ActiveCfg = Debug|Any CPU
		{5E9B077C-0AAF-4742-BFA3-2AFEE0B9898B}.Debug|Any CPU.Build.0 = Debug|Any CPU
		{5E9B077C-0AAF-4742-BFA3-2AFEE0B9898B}.Debug|x64.ActiveCfg = Debug|Any CPU
		{5E9B077C-0AAF-4742-BFA3-2AFEE0B9898B}.Debug|x64.Build.0 = Debug|Any CPU
		{5E9B077C-0AAF-4742-BFA3-2AFEE0B9898B}.Debug|x86.ActiveCfg = Debug|Any CPU
		{5E9B077C-0AAF-4742-BFA3-2AFEE0B9898B}.Debug|x86.Build.0 = Debug|Any CPU
		{5E9B077C-0AAF-4742-BFA3-2AFEE0B9898B}.Release|Any CPU.ActiveCfg = Release|Any CPU
		{5E9B077C-0AAF-4742-BFA3-2AFEE0B9898B}.Release|Any CPU.Build.0 = Release|Any CPU
		{5E9B077C-0AAF-4742-BFA3-2AFEE0B9898B}.Release|x64.ActiveCfg = Release|Any CPU
		{5E9B077C-0AAF-4742-BFA3-2AFEE0B9898B}.Release|x64.Build.0 = Release|Any CPU
		{5E9B077C-0AAF-4742-BFA3-2AFEE0B9898B}.Release|x86.ActiveCfg = Release|Any CPU
		{5E9B077C-0AAF-4742-BFA3-2AFEE0B9898B}.Release|x86.Build.0 = Release|Any CPU
		{BFDA8B9D-7E8B-4DC5-8583-54BA8EB38440}.Debug|Any CPU.ActiveCfg = Debug|Any CPU
		{BFDA8B9D-7E8B-4DC5-8583-54BA8EB38440}.Debug|Any CPU.Build.0 = Debug|Any CPU
		{BFDA8B9D-7E8B-4DC5-8583-54BA8EB38440}.Debug|x64.ActiveCfg = Debug|Any CPU
		{BFDA8B9D-7E8B-4DC5-8583-54BA8EB38440}.Debug|x64.Build.0 = Debug|Any CPU
		{BFDA8B9D-7E8B-4DC5-8583-54BA8EB38440}.Debug|x86.ActiveCfg = Debug|Any CPU
		{BFDA8B9D-7E8B-4DC5-8583-54BA8EB38440}.Debug|x86.Build.0 = Debug|Any CPU
		{BFDA8B9D-7E8B-4DC5-8583-54BA8EB38440}.Release|Any CPU.ActiveCfg = Release|Any CPU
		{BFDA8B9D-7E8B-4DC5-8583-54BA8EB38440}.Release|Any CPU.Build.0 = Release|Any CPU
		{BFDA8B9D-7E8B-4DC5-8583-54BA8EB38440}.Release|x64.ActiveCfg = Release|Any CPU
		{BFDA8B9D-7E8B-4DC5-8583-54BA8EB38440}.Release|x64.Build.0 = Release|Any CPU
		{BFDA8B9D-7E8B-4DC5-8583-54BA8EB38440}.Release|x86.ActiveCfg = Release|Any CPU
		{BFDA8B9D-7E8B-4DC5-8583-54BA8EB38440}.Release|x86.Build.0 = Release|Any CPU
		{AB1D118E-F2C1-4C40-9634-84F748D1F6EF}.Debug|Any CPU.ActiveCfg = Debug|Any CPU
		{AB1D118E-F2C1-4C40-9634-84F748D1F6EF}.Debug|Any CPU.Build.0 = Debug|Any CPU
		{AB1D118E-F2C1-4C40-9634-84F748D1F6EF}.Debug|x64.ActiveCfg = Debug|Any CPU
		{AB1D118E-F2C1-4C40-9634-84F748D1F6EF}.Debug|x64.Build.0 = Debug|Any CPU
		{AB1D118E-F2C1-4C40-9634-84F748D1F6EF}.Debug|x86.ActiveCfg = Debug|Any CPU
		{AB1D118E-F2C1-4C40-9634-84F748D1F6EF}.Debug|x86.Build.0 = Debug|Any CPU
		{AB1D118E-F2C1-4C40-9634-84F748D1F6EF}.Release|Any CPU.ActiveCfg = Release|Any CPU
		{AB1D118E-F2C1-4C40-9634-84F748D1F6EF}.Release|Any CPU.Build.0 = Release|Any CPU
		{AB1D118E-F2C1-4C40-9634-84F748D1F6EF}.Release|x64.ActiveCfg = Release|Any CPU
		{AB1D118E-F2C1-4C40-9634-84F748D1F6EF}.Release|x64.Build.0 = Release|Any CPU
		{AB1D118E-F2C1-4C40-9634-84F748D1F6EF}.Release|x86.ActiveCfg = Release|Any CPU
		{AB1D118E-F2C1-4C40-9634-84F748D1F6EF}.Release|x86.Build.0 = Release|Any CPU
		{4159FA87-015B-4E87-A86E-74086A434D95}.Debug|Any CPU.ActiveCfg = Debug|Any CPU
		{4159FA87-015B-4E87-A86E-74086A434D95}.Debug|Any CPU.Build.0 = Debug|Any CPU
		{4159FA87-015B-4E87-A86E-74086A434D95}.Debug|x64.ActiveCfg = Debug|Any CPU
		{4159FA87-015B-4E87-A86E-74086A434D95}.Debug|x64.Build.0 = Debug|Any CPU
		{4159FA87-015B-4E87-A86E-74086A434D95}.Debug|x86.ActiveCfg = Debug|Any CPU
		{4159FA87-015B-4E87-A86E-74086A434D95}.Debug|x86.Build.0 = Debug|Any CPU
		{4159FA87-015B-4E87-A86E-74086A434D95}.Release|Any CPU.ActiveCfg = Release|Any CPU
		{4159FA87-015B-4E87-A86E-74086A434D95}.Release|Any CPU.Build.0 = Release|Any CPU
		{4159FA87-015B-4E87-A86E-74086A434D95}.Release|x64.ActiveCfg = Release|Any CPU
		{4159FA87-015B-4E87-A86E-74086A434D95}.Release|x64.Build.0 = Release|Any CPU
		{4159FA87-015B-4E87-A86E-74086A434D95}.Release|x86.ActiveCfg = Release|Any CPU
		{4159FA87-015B-4E87-A86E-74086A434D95}.Release|x86.Build.0 = Release|Any CPU
		{2E209808-88CF-4418-800E-EC2FD10E7222}.Debug|Any CPU.ActiveCfg = Debug|Any CPU
		{2E209808-88CF-4418-800E-EC2FD10E7222}.Debug|Any CPU.Build.0 = Debug|Any CPU
		{2E209808-88CF-4418-800E-EC2FD10E7222}.Debug|x64.ActiveCfg = Debug|Any CPU
		{2E209808-88CF-4418-800E-EC2FD10E7222}.Debug|x64.Build.0 = Debug|Any CPU
		{2E209808-88CF-4418-800E-EC2FD10E7222}.Debug|x86.ActiveCfg = Debug|Any CPU
		{2E209808-88CF-4418-800E-EC2FD10E7222}.Debug|x86.Build.0 = Debug|Any CPU
		{2E209808-88CF-4418-800E-EC2FD10E7222}.Release|Any CPU.ActiveCfg = Release|Any CPU
		{2E209808-88CF-4418-800E-EC2FD10E7222}.Release|Any CPU.Build.0 = Release|Any CPU
		{2E209808-88CF-4418-800E-EC2FD10E7222}.Release|x64.ActiveCfg = Release|Any CPU
		{2E209808-88CF-4418-800E-EC2FD10E7222}.Release|x64.Build.0 = Release|Any CPU
		{2E209808-88CF-4418-800E-EC2FD10E7222}.Release|x86.ActiveCfg = Release|Any CPU
		{2E209808-88CF-4418-800E-EC2FD10E7222}.Release|x86.Build.0 = Release|Any CPU
		{E857960F-9FA1-48E0-858A-818F0947C0EE}.Debug|Any CPU.ActiveCfg = Debug|Any CPU
		{E857960F-9FA1-48E0-858A-818F0947C0EE}.Debug|Any CPU.Build.0 = Debug|Any CPU
		{E857960F-9FA1-48E0-858A-818F0947C0EE}.Debug|x64.ActiveCfg = Debug|Any CPU
		{E857960F-9FA1-48E0-858A-818F0947C0EE}.Debug|x64.Build.0 = Debug|Any CPU
		{E857960F-9FA1-48E0-858A-818F0947C0EE}.Debug|x86.ActiveCfg = Debug|Any CPU
		{E857960F-9FA1-48E0-858A-818F0947C0EE}.Debug|x86.Build.0 = Debug|Any CPU
		{E857960F-9FA1-48E0-858A-818F0947C0EE}.Release|Any CPU.ActiveCfg = Release|Any CPU
		{E857960F-9FA1-48E0-858A-818F0947C0EE}.Release|Any CPU.Build.0 = Release|Any CPU
		{E857960F-9FA1-48E0-858A-818F0947C0EE}.Release|x64.ActiveCfg = Release|Any CPU
		{E857960F-9FA1-48E0-858A-818F0947C0EE}.Release|x64.Build.0 = Release|Any CPU
		{E857960F-9FA1-48E0-858A-818F0947C0EE}.Release|x86.ActiveCfg = Release|Any CPU
		{E857960F-9FA1-48E0-858A-818F0947C0EE}.Release|x86.Build.0 = Release|Any CPU
		{1ABD0ADC-5991-4E1E-A156-0A781394FA92}.Debug|Any CPU.ActiveCfg = Debug|Any CPU
		{1ABD0ADC-5991-4E1E-A156-0A781394FA92}.Debug|Any CPU.Build.0 = Debug|Any CPU
		{1ABD0ADC-5991-4E1E-A156-0A781394FA92}.Debug|x64.ActiveCfg = Debug|Any CPU
		{1ABD0ADC-5991-4E1E-A156-0A781394FA92}.Debug|x64.Build.0 = Debug|Any CPU
		{1ABD0ADC-5991-4E1E-A156-0A781394FA92}.Debug|x86.ActiveCfg = Debug|Any CPU
		{1ABD0ADC-5991-4E1E-A156-0A781394FA92}.Debug|x86.Build.0 = Debug|Any CPU
		{1ABD0ADC-5991-4E1E-A156-0A781394FA92}.Release|Any CPU.ActiveCfg = Release|Any CPU
		{1ABD0ADC-5991-4E1E-A156-0A781394FA92}.Release|Any CPU.Build.0 = Release|Any CPU
		{1ABD0ADC-5991-4E1E-A156-0A781394FA92}.Release|x64.ActiveCfg = Release|Any CPU
		{1ABD0ADC-5991-4E1E-A156-0A781394FA92}.Release|x64.Build.0 = Release|Any CPU
		{1ABD0ADC-5991-4E1E-A156-0A781394FA92}.Release|x86.ActiveCfg = Release|Any CPU
		{1ABD0ADC-5991-4E1E-A156-0A781394FA92}.Release|x86.Build.0 = Release|Any CPU
		{30ABBB7E-1698-4DBC-832A-13703EF0D292}.Debug|Any CPU.ActiveCfg = Debug|Any CPU
		{30ABBB7E-1698-4DBC-832A-13703EF0D292}.Debug|Any CPU.Build.0 = Debug|Any CPU
		{30ABBB7E-1698-4DBC-832A-13703EF0D292}.Debug|x64.ActiveCfg = Debug|Any CPU
		{30ABBB7E-1698-4DBC-832A-13703EF0D292}.Debug|x64.Build.0 = Debug|Any CPU
		{30ABBB7E-1698-4DBC-832A-13703EF0D292}.Debug|x86.ActiveCfg = Debug|Any CPU
		{30ABBB7E-1698-4DBC-832A-13703EF0D292}.Debug|x86.Build.0 = Debug|Any CPU
		{30ABBB7E-1698-4DBC-832A-13703EF0D292}.Release|Any CPU.ActiveCfg = Release|Any CPU
		{30ABBB7E-1698-4DBC-832A-13703EF0D292}.Release|Any CPU.Build.0 = Release|Any CPU
		{30ABBB7E-1698-4DBC-832A-13703EF0D292}.Release|x64.ActiveCfg = Release|Any CPU
		{30ABBB7E-1698-4DBC-832A-13703EF0D292}.Release|x64.Build.0 = Release|Any CPU
		{30ABBB7E-1698-4DBC-832A-13703EF0D292}.Release|x86.ActiveCfg = Release|Any CPU
		{30ABBB7E-1698-4DBC-832A-13703EF0D292}.Release|x86.Build.0 = Release|Any CPU
		{9C3A5224-C240-48C3-B04C-11B60E598891}.Debug|Any CPU.ActiveCfg = Debug|Any CPU
		{9C3A5224-C240-48C3-B04C-11B60E598891}.Debug|Any CPU.Build.0 = Debug|Any CPU
		{9C3A5224-C240-48C3-B04C-11B60E598891}.Debug|x64.ActiveCfg = Debug|Any CPU
		{9C3A5224-C240-48C3-B04C-11B60E598891}.Debug|x64.Build.0 = Debug|Any CPU
		{9C3A5224-C240-48C3-B04C-11B60E598891}.Debug|x86.ActiveCfg = Debug|Any CPU
		{9C3A5224-C240-48C3-B04C-11B60E598891}.Debug|x86.Build.0 = Debug|Any CPU
		{9C3A5224-C240-48C3-B04C-11B60E598891}.Release|Any CPU.ActiveCfg = Release|Any CPU
		{9C3A5224-C240-48C3-B04C-11B60E598891}.Release|Any CPU.Build.0 = Release|Any CPU
		{9C3A5224-C240-48C3-B04C-11B60E598891}.Release|x64.ActiveCfg = Release|Any CPU
		{9C3A5224-C240-48C3-B04C-11B60E598891}.Release|x64.Build.0 = Release|Any CPU
		{9C3A5224-C240-48C3-B04C-11B60E598891}.Release|x86.ActiveCfg = Release|Any CPU
		{9C3A5224-C240-48C3-B04C-11B60E598891}.Release|x86.Build.0 = Release|Any CPU
		{5DCC5668-9A06-41E2-9020-9DD5C12B6267}.Debug|Any CPU.ActiveCfg = Debug|Any CPU
		{5DCC5668-9A06-41E2-9020-9DD5C12B6267}.Debug|Any CPU.Build.0 = Debug|Any CPU
		{5DCC5668-9A06-41E2-9020-9DD5C12B6267}.Debug|x64.ActiveCfg = Debug|Any CPU
		{5DCC5668-9A06-41E2-9020-9DD5C12B6267}.Debug|x64.Build.0 = Debug|Any CPU
		{5DCC5668-9A06-41E2-9020-9DD5C12B6267}.Debug|x86.ActiveCfg = Debug|Any CPU
		{5DCC5668-9A06-41E2-9020-9DD5C12B6267}.Debug|x86.Build.0 = Debug|Any CPU
		{5DCC5668-9A06-41E2-9020-9DD5C12B6267}.Release|Any CPU.ActiveCfg = Release|Any CPU
		{5DCC5668-9A06-41E2-9020-9DD5C12B6267}.Release|Any CPU.Build.0 = Release|Any CPU
		{5DCC5668-9A06-41E2-9020-9DD5C12B6267}.Release|x64.ActiveCfg = Release|Any CPU
		{5DCC5668-9A06-41E2-9020-9DD5C12B6267}.Release|x64.Build.0 = Release|Any CPU
		{5DCC5668-9A06-41E2-9020-9DD5C12B6267}.Release|x86.ActiveCfg = Release|Any CPU
		{5DCC5668-9A06-41E2-9020-9DD5C12B6267}.Release|x86.Build.0 = Release|Any CPU
		{86C441FB-12BE-4B64-AED7-2AB1A651004C}.Debug|Any CPU.ActiveCfg = Debug|Any CPU
		{86C441FB-12BE-4B64-AED7-2AB1A651004C}.Debug|Any CPU.Build.0 = Debug|Any CPU
		{86C441FB-12BE-4B64-AED7-2AB1A651004C}.Debug|x64.ActiveCfg = Debug|Any CPU
		{86C441FB-12BE-4B64-AED7-2AB1A651004C}.Debug|x64.Build.0 = Debug|Any CPU
		{86C441FB-12BE-4B64-AED7-2AB1A651004C}.Debug|x86.ActiveCfg = Debug|Any CPU
		{86C441FB-12BE-4B64-AED7-2AB1A651004C}.Debug|x86.Build.0 = Debug|Any CPU
		{86C441FB-12BE-4B64-AED7-2AB1A651004C}.Release|Any CPU.ActiveCfg = Release|Any CPU
		{86C441FB-12BE-4B64-AED7-2AB1A651004C}.Release|Any CPU.Build.0 = Release|Any CPU
		{86C441FB-12BE-4B64-AED7-2AB1A651004C}.Release|x64.ActiveCfg = Release|Any CPU
		{86C441FB-12BE-4B64-AED7-2AB1A651004C}.Release|x64.Build.0 = Release|Any CPU
		{86C441FB-12BE-4B64-AED7-2AB1A651004C}.Release|x86.ActiveCfg = Release|Any CPU
		{86C441FB-12BE-4B64-AED7-2AB1A651004C}.Release|x86.Build.0 = Release|Any CPU
		{3280BBAB-8334-4C6D-9614-5ABEFAC7E76F}.Debug|Any CPU.ActiveCfg = Debug|Any CPU
		{3280BBAB-8334-4C6D-9614-5ABEFAC7E76F}.Debug|Any CPU.Build.0 = Debug|Any CPU
		{3280BBAB-8334-4C6D-9614-5ABEFAC7E76F}.Debug|x64.ActiveCfg = Debug|Any CPU
		{3280BBAB-8334-4C6D-9614-5ABEFAC7E76F}.Debug|x64.Build.0 = Debug|Any CPU
		{3280BBAB-8334-4C6D-9614-5ABEFAC7E76F}.Debug|x86.ActiveCfg = Debug|Any CPU
		{3280BBAB-8334-4C6D-9614-5ABEFAC7E76F}.Debug|x86.Build.0 = Debug|Any CPU
		{3280BBAB-8334-4C6D-9614-5ABEFAC7E76F}.Release|Any CPU.ActiveCfg = Release|Any CPU
		{3280BBAB-8334-4C6D-9614-5ABEFAC7E76F}.Release|Any CPU.Build.0 = Release|Any CPU
		{3280BBAB-8334-4C6D-9614-5ABEFAC7E76F}.Release|x64.ActiveCfg = Release|Any CPU
		{3280BBAB-8334-4C6D-9614-5ABEFAC7E76F}.Release|x64.Build.0 = Release|Any CPU
		{3280BBAB-8334-4C6D-9614-5ABEFAC7E76F}.Release|x86.ActiveCfg = Release|Any CPU
		{3280BBAB-8334-4C6D-9614-5ABEFAC7E76F}.Release|x86.Build.0 = Release|Any CPU
	EndGlobalSection
	GlobalSection(SolutionProperties) = preSolution
		HideSolutionNode = FALSE
	EndGlobalSection
	GlobalSection(NestedProjects) = preSolution
		{38D9C32E-6201-4C28-BD63-53E77002D6BB} = {827E0CD3-B72D-47B6-A68D-7590B98EB39B}
		{1023B862-E7A3-46E6-8FD5-EB1152F0C0F3} = {827E0CD3-B72D-47B6-A68D-7590B98EB39B}
		{5E9B077C-0AAF-4742-BFA3-2AFEE0B9898B} = {827E0CD3-B72D-47B6-A68D-7590B98EB39B}
		{BFDA8B9D-7E8B-4DC5-8583-54BA8EB38440} = {827E0CD3-B72D-47B6-A68D-7590B98EB39B}
		{AB1D118E-F2C1-4C40-9634-84F748D1F6EF} = {827E0CD3-B72D-47B6-A68D-7590B98EB39B}
		{4159FA87-015B-4E87-A86E-74086A434D95} = {827E0CD3-B72D-47B6-A68D-7590B98EB39B}
		{2E209808-88CF-4418-800E-EC2FD10E7222} = {827E0CD3-B72D-47B6-A68D-7590B98EB39B}
		{E857960F-9FA1-48E0-858A-818F0947C0EE} = {827E0CD3-B72D-47B6-A68D-7590B98EB39B}
		{1ABD0ADC-5991-4E1E-A156-0A781394FA92} = {827E0CD3-B72D-47B6-A68D-7590B98EB39B}
		{30ABBB7E-1698-4DBC-832A-13703EF0D292} = {827E0CD3-B72D-47B6-A68D-7590B98EB39B}
		{9C3A5224-C240-48C3-B04C-11B60E598891} = {827E0CD3-B72D-47B6-A68D-7590B98EB39B}
		{5DCC5668-9A06-41E2-9020-9DD5C12B6267} = {827E0CD3-B72D-47B6-A68D-7590B98EB39B}
		{86C441FB-12BE-4B64-AED7-2AB1A651004C} = {827E0CD3-B72D-47B6-A68D-7590B98EB39B}
		{3280BBAB-8334-4C6D-9614-5ABEFAC7E76F} = {827E0CD3-B72D-47B6-A68D-7590B98EB39B}
	EndGlobalSection
EndGlobal
