
Microsoft Visual Studio Solution File, Format Version 12.00
Project("{2150E333-8FDC-42A3-9474-1A3956D46DE8}") = "src", "src", "{827E0CD3-B72D-47B6-A68D-7590B98EB39B}"
EndProject
Project("{FAE04EC0-301F-11D3-BF4B-00C04F79EFBC}") = "Catalog.API", "src\Catalog.API\Catalog.API.csproj", "{38D9C32E-6201-4C28-BD63-53E77002D6BB}"
EndProject
Project("{FAE04EC0-301F-11D3-BF4B-00C04F79EFBC}") = "ServiceDefaults", "src\ServiceDefaults\ServiceDefaults.csproj", "{1023B862-E7A3-46E6-8FD5-EB1152F0C0F3}"
EndProject
Project("{FAE04EC0-301F-11D3-BF4B-00C04F79EFBC}") = "Shared", "src\Shared\Shared.csproj", "{5E9B077C-0AAF-4742-BFA3-2AFEE0B9898B}"
EndProject
Project("{FAE04EC0-301F-11D3-BF4B-00C04F79EFBC}") = "EventBus", "src\EventBus\EventBus.csproj", "{BFDA8B9D-7E8B-4DC5-8583-54BA8EB38440}"
EndProject
Project("{FAE04EC0-301F-11D3-BF4B-00C04F79EFBC}") = "EventBusRabbitMQ", "src\EventBusRabbitMQ\EventBusRabbitMQ.csproj", "{AB1D118E-F2C1-4C40-9634-84F748D1F6EF}"
EndProject
Global
	GlobalSection(SolutionConfigurationPlatforms) = preSolution
		Debug|Any CPU = Debug|Any CPU
		Debug|x64 = Debug|x64
		Debug|x86 = Debug|x86
		Release|Any CPU = Release|Any CPU
		Release|x64 = Release|x64
		Release|x86 = Release|x86
	EndGlobalSection
	GlobalSection(ProjectConfigurationPlatforms) = postSolution
		{38D9C32E-6201-4C28-BD63-53E77002D6BB}.Debug|Any CPU.ActiveCfg = Debug|Any CPU
		{38D9C32E-6201-4C28-BD63-53E77002D6BB}.Debug|Any CPU.Build.0 = Debug|Any CPU
		{38D9C32E-6201-4C28-BD63-53E77002D6BB}.Debug|x64.ActiveCfg = Debug|Any CPU
		{38D9C32E-6201-4C28-BD63-53E77002D6BB}.Debug|x64.Build.0 = Debug|Any CPU
		{38D9C32E-6201-4C28-BD63-53E77002D6BB}.Debug|x86.ActiveCfg = Debug|Any CPU
		{38D9C32E-6201-4C28-BD63-53E77002D6BB}.Debug|x86.Build.0 = Debug|Any CPU
		{38D9C32E-6201-4C28-BD63-53E77002D6BB}.Release|Any CPU.ActiveCfg = Release|Any CPU
		{38D9C32E-6201-4C28-BD63-53E77002D6BB}.Release|Any CPU.Build.0 = Release|Any CPU
		{38D9C32E-6201-4C28-BD63-53E77002D6BB}.Release|x64.ActiveCfg = Release|Any CPU
		{38D9C32E-6201-4C28-BD63-53E77002D6BB}.Release|x64.Build.0 = Release|Any CPU
		{38D9C32E-6201-4C28-BD63-53E77002D6BB}.Release|x86.ActiveCfg = Release|Any CPU
		{38D9C32E-6201-4C28-BD63-53E77002D6BB}.Release|x86.Build.0 = Release|Any CPU
		{1023B862-E7A3-46E6-8FD5-EB1152F0C0F3}.Debug|Any CPU.ActiveCfg = Debug|Any CPU
		{1023B862-E7A3-46E6-8FD5-EB1152F0C0F3}.Debug|Any CPU.Build.0 = Debug|Any CPU
		{1023B862-E7A3-46E6-8FD5-EB1152F0C0F3}.Debug|x64.ActiveCfg = Debug|Any CPU
		{1023B862-E7A3-46E6-8FD5-EB1152F0C0F3}.Debug|x64.Build.0 = Debug|Any CPU
		{1023B862-E7A3-46E6-8FD5-EB1152F0C0F3}.Debug|x86.ActiveCfg = Debug|Any CPU
		{1023B862-E7A3-46E6-8FD5-EB1152F0C0F3}.Debug|x86.Build.0 = Debug|Any CPU
		{1023B862-E7A3-46E6-8FD5-EB1152F0C0F3}.Release|Any CPU.ActiveCfg = Release|Any CPU
		{1023B862-E7A3-46E6-8FD5-EB1152F0C0F3}.Release|Any CPU.Build.0 = Release|Any CPU
		{1023B862-E7A3-46E6-8FD5-EB1152F0C0F3}.Release|x64.ActiveCfg = Release|Any CPU
		{1023B862-E7A3-46E6-8FD5-EB1152F0C0F3}.Release|x64.Build.0 = Release|Any CPU
		{1023B862-E7A3-46E6-8FD5-EB1152F0C0F3}.Release|x86.ActiveCfg = Release|Any CPU
		{1023B862-E7A3-46E6-8FD5-EB1152F0C0F3}.Release|x86.Build.0 = Release|Any CPU
		{5E9B077C-0AAF-4742-BFA3-2AFEE0B9898B}.Debug|Any CPU.ActiveCfg = Debug|Any CPU
		{5E9B077C-0AAF-4742-BFA3-2AFEE0B9898B}.Debug|Any CPU.Build.0 = Debug|Any CPU
		{5E9B077C-0AAF-4742-BFA3-2AFEE0B9898B}.Debug|x64.ActiveCfg = Debug|Any CPU
		{5E9B077C-0AAF-4742-BFA3-2AFEE0B9898B}.Debug|x64.Build.0 = Debug|Any CPU
		{5E9B077C-0AAF-4742-BFA3-2AFEE0B9898B}.Debug|x86.ActiveCfg = Debug|Any CPU
		{5E9B077C-0AAF-4742-BFA3-2AFEE0B9898B}.Debug|x86.Build.0 = Debug|Any CPU
		{5E9B077C-0AAF-4742-BFA3-2AFEE0B9898B}.Release|Any CPU.ActiveCfg = Release|Any CPU
		{5E9B077C-0AAF-4742-BFA3-2AFEE0B9898B}.Release|Any CPU.Build.0 = Release|Any CPU
		{5E9B077C-0AAF-4742-BFA3-2AFEE0B9898B}.Release|x64.ActiveCfg = Release|Any CPU
		{5E9B077C-0AAF-4742-BFA3-2AFEE0B9898B}.Release|x64.Build.0 = Release|Any CPU
		{5E9B077C-0AAF-4742-BFA3-2AFEE0B9898B}.Release|x86.ActiveCfg = Release|Any CPU
		{5E9B077C-0AAF-4742-BFA3-2AFEE0B9898B}.Release|x86.Build.0 = Release|Any CPU
		{BFDA8B9D-7E8B-4DC5-8583-54BA8EB38440}.Debug|Any CPU.ActiveCfg = Debug|Any CPU
		{BFDA8B9D-7E8B-4DC5-8583-54BA8EB38440}.Debug|Any CPU.Build.0 = Debug|Any CPU
		{BFDA8B9D-7E8B-4DC5-8583-54BA8EB38440}.Debug|x64.ActiveCfg = Debug|Any CPU
		{BFDA8B9D-7E8B-4DC5-8583-54BA8EB38440}.Debug|x64.Build.0 = Debug|Any CPU
		{BFDA8B9D-7E8B-4DC5-8583-54BA8EB38440}.Debug|x86.ActiveCfg = Debug|Any CPU
		{BFDA8B9D-7E8B-4DC5-8583-54BA8EB38440}.Debug|x86.Build.0 = Debug|Any CPU
		{BFDA8B9D-7E8B-4DC5-8583-54BA8EB38440}.Release|Any CPU.ActiveCfg = Release|Any CPU
		{BFDA8B9D-7E8B-4DC5-8583-54BA8EB38440}.Release|Any CPU.Build.0 = Release|Any CPU
		{BFDA8B9D-7E8B-4DC5-8583-54BA8EB38440}.Release|x64.ActiveCfg = Release|Any CPU
		{BFDA8B9D-7E8B-4DC5-8583-54BA8EB38440}.Release|x64.Build.0 = Release|Any CPU
		{BFDA8B9D-7E8B-4DC5-8583-54BA8EB38440}.Release|x86.ActiveCfg = Release|Any CPU
		{BFDA8B9D-7E8B-4DC5-8583-54BA8EB38440}.Release|x86.Build.0 = Release|Any CPU
		{AB1D118E-F2C1-4C40-9634-84F748D1F6EF}.Debug|Any CPU.ActiveCfg = Debug|Any CPU
		{AB1D118E-F2C1-4C40-9634-84F748D1F6EF}.Debug|Any CPU.Build.0 = Debug|Any CPU
		{AB1D118E-F2C1-4C40-9634-84F748D1F6EF}.Debug|x64.ActiveCfg = Debug|Any CPU
		{AB1D118E-F2C1-4C40-9634-84F748D1F6EF}.Debug|x64.Build.0 = Debug|Any CPU
		{AB1D118E-F2C1-4C40-9634-84F748D1F6EF}.Debug|x86.ActiveCfg = Debug|Any CPU
		{AB1D118E-F2C1-4C40-9634-84F748D1F6EF}.Debug|x86.Build.0 = Debug|Any CPU
		{AB1D118E-F2C1-4C40-9634-84F748D1F6EF}.Release|Any CPU.ActiveCfg = Release|Any CPU
		{AB1D118E-F2C1-4C40-9634-84F748D1F6EF}.Release|Any CPU.Build.0 = Release|Any CPU
		{AB1D118E-F2C1-4C40-9634-84F748D1F6EF}.Release|x64.ActiveCfg = Release|Any CPU
		{AB1D118E-F2C1-4C40-9634-84F748D1F6EF}.Release|x64.Build.0 = Release|Any CPU
		{AB1D118E-F2C1-4C40-9634-84F748D1F6EF}.Release|x86.ActiveCfg = Release|Any CPU
		{AB1D118E-F2C1-4C40-9634-84F748D1F6EF}.Release|x86.Build.0 = Release|Any CPU
	EndGlobalSection
	GlobalSection(SolutionProperties) = preSolution
		HideSolutionNode = FALSE
	EndGlobalSection
	GlobalSection(NestedProjects) = preSolution
		{38D9C32E-6201-4C28-BD63-53E77002D6BB} = {827E0CD3-B72D-47B6-A68D-7590B98EB39B}
		{BFDA8B9D-7E8B-4DC5-8583-54BA8EB38440} = {827E0CD3-B72D-47B6-A68D-7590B98EB39B}
		{AB1D118E-F2C1-4C40-9634-84F748D1F6EF} = {827E0CD3-B72D-47B6-A68D-7590B98EB39B}
		{1023B862-E7A3-46E6-8FD5-EB1152F0C0F3} = {827E0CD3-B72D-47B6-A68D-7590B98EB39B}
		{5E9B077C-0AAF-4742-BFA3-2AFEE0B9898B} = {827E0CD3-B72D-47B6-A68D-7590B98EB39B}
	EndGlobalSection
EndGlobal
