
Microsoft Visual Studio Solution File, Format Version 12.00
Project("{2150E333-8FDC-42A3-9474-1A3956D46DE8}") = "src", "src", "{827E0CD3-B72D-47B6-A68D-7590B98EB39B}"
EndProject
Project("{FAE04EC0-301F-11D3-BF4B-00C04F79EFBC}") = "Issue.Api", "src\Issue.Api\Issue.Api.csproj", "{A362F16A-50A6-4937-B820-33120D8FAD66}"
EndProject
Project("{FAE04EC0-301F-11D3-BF4B-00C04F79EFBC}") = "Catalog.API", "src\Catalog.API\Catalog.API.csproj", "{38D9C32E-6201-4C28-BD63-53E77002D6BB}"
EndProject
Global
	GlobalSection(SolutionConfigurationPlatforms) = preSolution
		Debug|Any CPU = Debug|Any CPU
		Debug|x64 = Debug|x64
		Debug|x86 = Debug|x86
		Release|Any CPU = Release|Any CPU
		Release|x64 = Release|x64
		Release|x86 = Release|x86
	EndGlobalSection
	GlobalSection(ProjectConfigurationPlatforms) = postSolution
		{A362F16A-50A6-4937-B820-33120D8FAD66}.Debug|Any CPU.ActiveCfg = Debug|Any CPU
		{A362F16A-50A6-4937-B820-33120D8FAD66}.Debug|Any CPU.Build.0 = Debug|Any CPU
		{A362F16A-50A6-4937-B820-33120D8FAD66}.Debug|x64.ActiveCfg = Debug|Any CPU
		{A362F16A-50A6-4937-B820-33120D8FAD66}.Debug|x64.Build.0 = Debug|Any CPU
		{A362F16A-50A6-4937-B820-33120D8FAD66}.Debug|x86.ActiveCfg = Debug|Any CPU
		{A362F16A-50A6-4937-B820-33120D8FAD66}.Debug|x86.Build.0 = Debug|Any CPU
		{A362F16A-50A6-4937-B820-33120D8FAD66}.Release|Any CPU.ActiveCfg = Release|Any CPU
		{A362F16A-50A6-4937-B820-33120D8FAD66}.Release|Any CPU.Build.0 = Release|Any CPU
		{A362F16A-50A6-4937-B820-33120D8FAD66}.Release|x64.ActiveCfg = Release|Any CPU
		{A362F16A-50A6-4937-B820-33120D8FAD66}.Release|x64.Build.0 = Release|Any CPU
		{A362F16A-50A6-4937-B820-33120D8FAD66}.Release|x86.ActiveCfg = Release|Any CPU
		{A362F16A-50A6-4937-B820-33120D8FAD66}.Release|x86.Build.0 = Release|Any CPU
		{38D9C32E-6201-4C28-BD63-53E77002D6BB}.Debug|Any CPU.ActiveCfg = Debug|Any CPU
		{38D9C32E-6201-4C28-BD63-53E77002D6BB}.Debug|Any CPU.Build.0 = Debug|Any CPU
		{38D9C32E-6201-4C28-BD63-53E77002D6BB}.Debug|x64.ActiveCfg = Debug|Any CPU
		{38D9C32E-6201-4C28-BD63-53E77002D6BB}.Debug|x64.Build.0 = Debug|Any CPU
		{38D9C32E-6201-4C28-BD63-53E77002D6BB}.Debug|x86.ActiveCfg = Debug|Any CPU
		{38D9C32E-6201-4C28-BD63-53E77002D6BB}.Debug|x86.Build.0 = Debug|Any CPU
		{38D9C32E-6201-4C28-BD63-53E77002D6BB}.Release|Any CPU.ActiveCfg = Release|Any CPU
		{38D9C32E-6201-4C28-BD63-53E77002D6BB}.Release|Any CPU.Build.0 = Release|Any CPU
		{38D9C32E-6201-4C28-BD63-53E77002D6BB}.Release|x64.ActiveCfg = Release|Any CPU
		{38D9C32E-6201-4C28-BD63-53E77002D6BB}.Release|x64.Build.0 = Release|Any CPU
		{38D9C32E-6201-4C28-BD63-53E77002D6BB}.Release|x86.ActiveCfg = Release|Any CPU
		{38D9C32E-6201-4C28-BD63-53E77002D6BB}.Release|x86.Build.0 = Release|Any CPU
	EndGlobalSection
	GlobalSection(SolutionProperties) = preSolution
		HideSolutionNode = FALSE
	EndGlobalSection
	GlobalSection(NestedProjects) = preSolution
		{A362F16A-50A6-4937-B820-33120D8FAD66} = {827E0CD3-B72D-47B6-A68D-7590B98EB39B}
		{38D9C32E-6201-4C28-BD63-53E77002D6BB} = {827E0CD3-B72D-47B6-A68D-7590B98EB39B}
	EndGlobalSection
EndGlobal
